
Microsoft Visual Studio Solution File, Format Version 12.00
# Visual Studio Version 17
VisualStudioVersion = 17.4.33213.308
MinimumVisualStudioVersion = 10.0.40219.1
Project("{FAE04EC0-301F-11D3-BF4B-00C04F79EFBC}") = "NotesWebAPI", "NotesWebAPI\NotesWebAPI.csproj", "{C9A329E8-F1B4-42E7-B3D6-E3748C63AB4C}"
EndProject
Global
	GlobalSection(SolutionConfigurationPlatforms) = preSolution
		Debug|Any CPU = Debug|Any CPU
		Release|Any CPU = Release|Any CPU
	EndGlobalSection
	GlobalSection(ProjectConfigurationPlatforms) = postSolution
		{C9A329E8-F1B4-42E7-B3D6-E3748C63AB4C}.Debug|Any CPU.ActiveCfg = Debug|Any CPU
		{C9A329E8-F1B4-42E7-B3D6-E3748C63AB4C}.Debug|Any CPU.Build.0 = Debug|Any CPU
		{C9A329E8-F1B4-42E7-B3D6-E3748C63AB4C}.Release|Any CPU.ActiveCfg = Release|Any CPU
		{C9A329E8-F1B4-42E7-B3D6-E3748C63AB4C}.Release|Any CPU.Build.0 = Release|Any CPU
	EndGlobalSection
	GlobalSection(SolutionProperties) = preSolution
		HideSolutionNode = FALSE
	EndGlobalSection
	GlobalSection(ExtensibilityGlobals) = postSolution
		SolutionGuid = {04BC5B98-612B-499D-92E4-B517E81727F7}
	EndGlobalSection
EndGlobal
